// !$*UTF8*$!
{
	archiveVersion = 1;
	classes = {
	};
	objectVersion = 46;
	objects = {

/* Begin PBXBuildFile section */
		84D924541C8ADF210049D09C /* FoodService.swift in Sources */ = {isa = PBXBuildFile; fileRef = 84D924531C8ADF210049D09C /* FoodService.swift */; };
		84D924561C8CE2360049D09C /* NotificationService.swift in Sources */ = {isa = PBXBuildFile; fileRef = 84D924551C8CE2360049D09C /* NotificationService.swift */; };
		84E90C4B1C935C35003FC83E /* SettingsViewController.swift in Sources */ = {isa = PBXBuildFile; fileRef = 84E90C4A1C935C35003FC83E /* SettingsViewController.swift */; };
		84E90C4E1C93F743003FC83E /* TabViewControllerHelper.swift in Sources */ = {isa = PBXBuildFile; fileRef = 84E90C4D1C93F743003FC83E /* TabViewControllerHelper.swift */; };
		84E90C521C954BD9003FC83E /* SettingsService.swift in Sources */ = {isa = PBXBuildFile; fileRef = 84E90C511C954BD9003FC83E /* SettingsService.swift */; };
		996A569F1C8D3BC4009F94FA /* BarcodeService.swift in Sources */ = {isa = PBXBuildFile; fileRef = 996A569E1C8D3BC4009F94FA /* BarcodeService.swift */; };
		996A56A11C8D3BEB009F94FA /* BarcodeResult.swift in Sources */ = {isa = PBXBuildFile; fileRef = 996A56A01C8D3BEB009F94FA /* BarcodeResult.swift */; };
		996A56A31C8D3E3B009F94FA /* BarcodeDetectorViewController.swift in Sources */ = {isa = PBXBuildFile; fileRef = 996A56A21C8D3E3B009F94FA /* BarcodeDetectorViewController.swift */; };
		996A56A51C8D3E58009F94FA /* BarcodeDetector.storyboard in Resources */ = {isa = PBXBuildFile; fileRef = 996A56A41C8D3E58009F94FA /* BarcodeDetector.storyboard */; };
		996A56A81C8D3FA8009F94FA /* StringExtensions.swift in Sources */ = {isa = PBXBuildFile; fileRef = 996A56A71C8D3FA8009F94FA /* StringExtensions.swift */; };
		99BCE65D1C93EF4E00CE0A91 /* RecipeSearchResult.swift in Sources */ = {isa = PBXBuildFile; fileRef = 99BCE65C1C93EF4E00CE0A91 /* RecipeSearchResult.swift */; };
		99BCE65F1C93F80800CE0A91 /* Result.swift in Sources */ = {isa = PBXBuildFile; fileRef = 99BCE65E1C93F80800CE0A91 /* Result.swift */; };
		99BCE6611C94081A00CE0A91 /* RecipeService.swift in Sources */ = {isa = PBXBuildFile; fileRef = 99BCE6601C94081A00CE0A91 /* RecipeService.swift */; };
		99BCE6641C951D5800CE0A91 /* RecipeSearchViewController.swift in Sources */ = {isa = PBXBuildFile; fileRef = 99BCE6621C951D5800CE0A91 /* RecipeSearchViewController.swift */; };
		99BCE6671C952A1600CE0A91 /* RecipeSearch.storyboard in Resources */ = {isa = PBXBuildFile; fileRef = 99BCE6661C952A1600CE0A91 /* RecipeSearch.storyboard */; };
		99BCE66A1C9532D300CE0A91 /* SettingsConstants.swift in Sources */ = {isa = PBXBuildFile; fileRef = 99BCE6691C9532D300CE0A91 /* SettingsConstants.swift */; };
		AD2F00B41C854603006E66DA /* AppDelegate.swift in Sources */ = {isa = PBXBuildFile; fileRef = AD2F00B31C854603006E66DA /* AppDelegate.swift */; };
		AD2F00B61C854603006E66DA /* ViewController.swift in Sources */ = {isa = PBXBuildFile; fileRef = AD2F00B51C854603006E66DA /* ViewController.swift */; };
		AD2F00BB1C854603006E66DA /* Assets.xcassets in Resources */ = {isa = PBXBuildFile; fileRef = AD2F00BA1C854603006E66DA /* Assets.xcassets */; };
		AD2F00BE1C854603006E66DA /* LaunchScreen.storyboard in Resources */ = {isa = PBXBuildFile; fileRef = AD2F00BC1C854603006E66DA /* LaunchScreen.storyboard */; };
		AD2F00C91C854603006E66DA /* never_go_badTests.swift in Sources */ = {isa = PBXBuildFile; fileRef = AD2F00C81C854603006E66DA /* never_go_badTests.swift */; };
		AD2F00D41C854604006E66DA /* never_go_badUITests.swift in Sources */ = {isa = PBXBuildFile; fileRef = AD2F00D31C854604006E66DA /* never_go_badUITests.swift */; };
		AD3D63591C95074300C6046A /* USDAShelfLife.csv in Resources */ = {isa = PBXBuildFile; fileRef = AD3D63581C95074300C6046A /* USDAShelfLife.csv */; };
		AD483A0E1C86DB56000303C2 /* Food.swift in Sources */ = {isa = PBXBuildFile; fileRef = AD483A0D1C86DB56000303C2 /* Food.swift */; };
		AD483A101C86DB7C000303C2 /* FoodListViewController.swift in Sources */ = {isa = PBXBuildFile; fileRef = AD483A0F1C86DB7C000303C2 /* FoodListViewController.swift */; };
		AD483A131C86DCC3000303C2 /* FoodListTableViewCell.swift in Sources */ = {isa = PBXBuildFile; fileRef = AD483A121C86DCC3000303C2 /* FoodListTableViewCell.swift */; };
		AD483A161C86EBE3000303C2 /* FoodList.swift in Sources */ = {isa = PBXBuildFile; fileRef = AD483A151C86EBE3000303C2 /* FoodList.swift */; };
		AD483A181C86F284000303C2 /* FoodInputViewController.swift in Sources */ = {isa = PBXBuildFile; fileRef = AD483A171C86F284000303C2 /* FoodInputViewController.swift */; };
		AD483A1A1C86F5B7000303C2 /* FoodInputTableViewCell.swift in Sources */ = {isa = PBXBuildFile; fileRef = AD483A191C86F5B7000303C2 /* FoodInputTableViewCell.swift */; };
		AD483A1C1C8838DD000303C2 /* FoodInput.swift in Sources */ = {isa = PBXBuildFile; fileRef = AD483A1B1C8838DD000303C2 /* FoodInput.swift */; };
		AD483A1F1C897948000303C2 /* FoodList.storyboard in Resources */ = {isa = PBXBuildFile; fileRef = AD483A1E1C897948000303C2 /* FoodList.storyboard */; };
		AD483A211C897957000303C2 /* Recipe.storyboard in Resources */ = {isa = PBXBuildFile; fileRef = AD483A201C897957000303C2 /* Recipe.storyboard */; };
		AD483A231C897964000303C2 /* Settings.storyboard in Resources */ = {isa = PBXBuildFile; fileRef = AD483A221C897964000303C2 /* Settings.storyboard */; };
		AD483A271C897DB1000303C2 /* Main.storyboard in Resources */ = {isa = PBXBuildFile; fileRef = AD483A261C897DB1000303C2 /* Main.storyboard */; };
		AD483A291C8AA170000303C2 /* RecipeListViewController.swift in Sources */ = {isa = PBXBuildFile; fileRef = AD483A281C8AA170000303C2 /* RecipeListViewController.swift */; };
		ADCA41D61C94E659002164BF /* FoodSearch.storyboard in Resources */ = {isa = PBXBuildFile; fileRef = ADCA41D51C94E659002164BF /* FoodSearch.storyboard */; };
		ADCA41D81C94EAE0002164BF /* FoodSearchViewController.swift in Sources */ = {isa = PBXBuildFile; fileRef = ADCA41D71C94EAE0002164BF /* FoodSearchViewController.swift */; };
		ADCA41DA1C94EB44002164BF /* FoodReference.swift in Sources */ = {isa = PBXBuildFile; fileRef = ADCA41D91C94EB44002164BF /* FoodReference.swift */; };
		ADCA41DC1C94F1AA002164BF /* FoodSearchTableViewCell.swift in Sources */ = {isa = PBXBuildFile; fileRef = ADCA41DB1C94F1AA002164BF /* FoodSearchTableViewCell.swift */; };
		ADCA41DE1C94F3DA002164BF /* FoodSearchManualTableViewCell.swift in Sources */ = {isa = PBXBuildFile; fileRef = ADCA41DD1C94F3DA002164BF /* FoodSearchManualTableViewCell.swift */; };
		ADCA41E01C94FFAD002164BF /* FoodDictionaryService.swift in Sources */ = {isa = PBXBuildFile; fileRef = ADCA41DF1C94FFAD002164BF /* FoodDictionaryService.swift */; };
		E9A00C747A3B21A429B99F1F /* Pods_never_go_bad.framework in Frameworks */ = {isa = PBXBuildFile; fileRef = 247536C44AD3BA169E3E638D /* Pods_never_go_bad.framework */; };
/* End PBXBuildFile section */

/* Begin PBXContainerItemProxy section */
		AD2F00C51C854603006E66DA /* PBXContainerItemProxy */ = {
			isa = PBXContainerItemProxy;
			containerPortal = AD2F00A81C854603006E66DA /* Project object */;
			proxyType = 1;
			remoteGlobalIDString = AD2F00AF1C854603006E66DA;
			remoteInfo = "never-go-bad";
		};
		AD2F00D01C854604006E66DA /* PBXContainerItemProxy */ = {
			isa = PBXContainerItemProxy;
			containerPortal = AD2F00A81C854603006E66DA /* Project object */;
			proxyType = 1;
			remoteGlobalIDString = AD2F00AF1C854603006E66DA;
			remoteInfo = "never-go-bad";
		};
/* End PBXContainerItemProxy section */

/* Begin PBXFileReference section */
		247536C44AD3BA169E3E638D /* Pods_never_go_bad.framework */ = {isa = PBXFileReference; explicitFileType = wrapper.framework; includeInIndex = 0; path = Pods_never_go_bad.framework; sourceTree = BUILT_PRODUCTS_DIR; };
		74B37664F2B8B3ABAB7AE0F8 /* Pods-never-go-bad.release.xcconfig */ = {isa = PBXFileReference; includeInIndex = 1; lastKnownFileType = text.xcconfig; name = "Pods-never-go-bad.release.xcconfig"; path = "Pods/Target Support Files/Pods-never-go-bad/Pods-never-go-bad.release.xcconfig"; sourceTree = "<group>"; };
		76824E770E258698A630750C /* Pods-never-go-bad.debug.xcconfig */ = {isa = PBXFileReference; includeInIndex = 1; lastKnownFileType = text.xcconfig; name = "Pods-never-go-bad.debug.xcconfig"; path = "Pods/Target Support Files/Pods-never-go-bad/Pods-never-go-bad.debug.xcconfig"; sourceTree = "<group>"; };
		84D924531C8ADF210049D09C /* FoodService.swift */ = {isa = PBXFileReference; fileEncoding = 4; lastKnownFileType = sourcecode.swift; path = FoodService.swift; sourceTree = "<group>"; };
		84D924551C8CE2360049D09C /* NotificationService.swift */ = {isa = PBXFileReference; fileEncoding = 4; lastKnownFileType = sourcecode.swift; path = NotificationService.swift; sourceTree = "<group>"; };
		84D924621C915D470049D09C /* Bridging-Header.h */ = {isa = PBXFileReference; lastKnownFileType = sourcecode.c.h; name = "Bridging-Header.h"; path = "../Bridging-Header.h"; sourceTree = "<group>"; };
		84E90C4A1C935C35003FC83E /* SettingsViewController.swift */ = {isa = PBXFileReference; fileEncoding = 4; lastKnownFileType = sourcecode.swift; name = SettingsViewController.swift; path = ../SettingsViewController.swift; sourceTree = "<group>"; };
		84E90C4D1C93F743003FC83E /* TabViewControllerHelper.swift */ = {isa = PBXFileReference; fileEncoding = 4; lastKnownFileType = sourcecode.swift; path = TabViewControllerHelper.swift; sourceTree = "<group>"; };
		84E90C511C954BD9003FC83E /* SettingsService.swift */ = {isa = PBXFileReference; fileEncoding = 4; lastKnownFileType = sourcecode.swift; path = SettingsService.swift; sourceTree = "<group>"; };
		996A569E1C8D3BC4009F94FA /* BarcodeService.swift */ = {isa = PBXFileReference; fileEncoding = 4; lastKnownFileType = sourcecode.swift; path = BarcodeService.swift; sourceTree = "<group>"; };
		996A56A01C8D3BEB009F94FA /* BarcodeResult.swift */ = {isa = PBXFileReference; fileEncoding = 4; lastKnownFileType = sourcecode.swift; path = BarcodeResult.swift; sourceTree = "<group>"; };
		996A56A21C8D3E3B009F94FA /* BarcodeDetectorViewController.swift */ = {isa = PBXFileReference; fileEncoding = 4; lastKnownFileType = sourcecode.swift; path = BarcodeDetectorViewController.swift; sourceTree = "<group>"; };
		996A56A41C8D3E58009F94FA /* BarcodeDetector.storyboard */ = {isa = PBXFileReference; fileEncoding = 4; lastKnownFileType = file.storyboard; path = BarcodeDetector.storyboard; sourceTree = "<group>"; };
		996A56A71C8D3FA8009F94FA /* StringExtensions.swift */ = {isa = PBXFileReference; fileEncoding = 4; lastKnownFileType = sourcecode.swift; path = StringExtensions.swift; sourceTree = "<group>"; };
		99BCE65C1C93EF4E00CE0A91 /* RecipeSearchResult.swift */ = {isa = PBXFileReference; fileEncoding = 4; lastKnownFileType = sourcecode.swift; path = RecipeSearchResult.swift; sourceTree = "<group>"; };
		99BCE65E1C93F80800CE0A91 /* Result.swift */ = {isa = PBXFileReference; fileEncoding = 4; lastKnownFileType = sourcecode.swift; path = Result.swift; sourceTree = "<group>"; };
		99BCE6601C94081A00CE0A91 /* RecipeService.swift */ = {isa = PBXFileReference; fileEncoding = 4; lastKnownFileType = sourcecode.swift; path = RecipeService.swift; sourceTree = "<group>"; };
		99BCE6621C951D5800CE0A91 /* RecipeSearchViewController.swift */ = {isa = PBXFileReference; fileEncoding = 4; lastKnownFileType = sourcecode.swift; path = RecipeSearchViewController.swift; sourceTree = "<group>"; };
		99BCE6661C952A1600CE0A91 /* RecipeSearch.storyboard */ = {isa = PBXFileReference; fileEncoding = 4; lastKnownFileType = file.storyboard; path = RecipeSearch.storyboard; sourceTree = "<group>"; };
		99BCE6691C9532D300CE0A91 /* SettingsConstants.swift */ = {isa = PBXFileReference; fileEncoding = 4; lastKnownFileType = sourcecode.swift; path = SettingsConstants.swift; sourceTree = "<group>"; };
		AD2F00B01C854603006E66DA /* never-go-bad.app */ = {isa = PBXFileReference; explicitFileType = wrapper.application; includeInIndex = 0; path = "never-go-bad.app"; sourceTree = BUILT_PRODUCTS_DIR; };
		AD2F00B31C854603006E66DA /* AppDelegate.swift */ = {isa = PBXFileReference; lastKnownFileType = sourcecode.swift; path = AppDelegate.swift; sourceTree = "<group>"; };
		AD2F00B51C854603006E66DA /* ViewController.swift */ = {isa = PBXFileReference; lastKnownFileType = sourcecode.swift; path = ViewController.swift; sourceTree = "<group>"; };
		AD2F00BA1C854603006E66DA /* Assets.xcassets */ = {isa = PBXFileReference; lastKnownFileType = folder.assetcatalog; path = Assets.xcassets; sourceTree = "<group>"; };
		AD2F00BD1C854603006E66DA /* Base */ = {isa = PBXFileReference; lastKnownFileType = file.storyboard; name = Base; path = Base.lproj/LaunchScreen.storyboard; sourceTree = "<group>"; };
		AD2F00BF1C854603006E66DA /* Info.plist */ = {isa = PBXFileReference; lastKnownFileType = text.plist.xml; path = Info.plist; sourceTree = "<group>"; };
		AD2F00C41C854603006E66DA /* never-go-badTests.xctest */ = {isa = PBXFileReference; explicitFileType = wrapper.cfbundle; includeInIndex = 0; path = "never-go-badTests.xctest"; sourceTree = BUILT_PRODUCTS_DIR; };
		AD2F00C81C854603006E66DA /* never_go_badTests.swift */ = {isa = PBXFileReference; lastKnownFileType = sourcecode.swift; path = never_go_badTests.swift; sourceTree = "<group>"; };
		AD2F00CA1C854603006E66DA /* Info.plist */ = {isa = PBXFileReference; lastKnownFileType = text.plist.xml; path = Info.plist; sourceTree = "<group>"; };
		AD2F00CF1C854604006E66DA /* never-go-badUITests.xctest */ = {isa = PBXFileReference; explicitFileType = wrapper.cfbundle; includeInIndex = 0; path = "never-go-badUITests.xctest"; sourceTree = BUILT_PRODUCTS_DIR; };
		AD2F00D31C854604006E66DA /* never_go_badUITests.swift */ = {isa = PBXFileReference; lastKnownFileType = sourcecode.swift; path = never_go_badUITests.swift; sourceTree = "<group>"; };
		AD2F00D51C854604006E66DA /* Info.plist */ = {isa = PBXFileReference; lastKnownFileType = text.plist.xml; path = Info.plist; sourceTree = "<group>"; };
		AD3D63581C95074300C6046A /* USDAShelfLife.csv */ = {isa = PBXFileReference; fileEncoding = 4; lastKnownFileType = text; path = USDAShelfLife.csv; sourceTree = "<group>"; };
		AD483A0D1C86DB56000303C2 /* Food.swift */ = {isa = PBXFileReference; fileEncoding = 4; lastKnownFileType = sourcecode.swift; path = Food.swift; sourceTree = "<group>"; };
		AD483A0F1C86DB7C000303C2 /* FoodListViewController.swift */ = {isa = PBXFileReference; fileEncoding = 4; lastKnownFileType = sourcecode.swift; path = FoodListViewController.swift; sourceTree = "<group>"; };
		AD483A121C86DCC3000303C2 /* FoodListTableViewCell.swift */ = {isa = PBXFileReference; fileEncoding = 4; lastKnownFileType = sourcecode.swift; path = FoodListTableViewCell.swift; sourceTree = "<group>"; };
		AD483A151C86EBE3000303C2 /* FoodList.swift */ = {isa = PBXFileReference; fileEncoding = 4; lastKnownFileType = sourcecode.swift; path = FoodList.swift; sourceTree = "<group>"; };
		AD483A171C86F284000303C2 /* FoodInputViewController.swift */ = {isa = PBXFileReference; fileEncoding = 4; lastKnownFileType = sourcecode.swift; path = FoodInputViewController.swift; sourceTree = "<group>"; };
		AD483A191C86F5B7000303C2 /* FoodInputTableViewCell.swift */ = {isa = PBXFileReference; fileEncoding = 4; lastKnownFileType = sourcecode.swift; path = FoodInputTableViewCell.swift; sourceTree = "<group>"; };
		AD483A1B1C8838DD000303C2 /* FoodInput.swift */ = {isa = PBXFileReference; fileEncoding = 4; lastKnownFileType = sourcecode.swift; path = FoodInput.swift; sourceTree = "<group>"; };
		AD483A1E1C897948000303C2 /* FoodList.storyboard */ = {isa = PBXFileReference; fileEncoding = 4; lastKnownFileType = file.storyboard; path = FoodList.storyboard; sourceTree = "<group>"; };
		AD483A201C897957000303C2 /* Recipe.storyboard */ = {isa = PBXFileReference; fileEncoding = 4; lastKnownFileType = file.storyboard; path = Recipe.storyboard; sourceTree = "<group>"; };
		AD483A221C897964000303C2 /* Settings.storyboard */ = {isa = PBXFileReference; fileEncoding = 4; lastKnownFileType = file.storyboard; path = Settings.storyboard; sourceTree = "<group>"; };
		AD483A261C897DB1000303C2 /* Main.storyboard */ = {isa = PBXFileReference; fileEncoding = 4; lastKnownFileType = file.storyboard; path = Main.storyboard; sourceTree = "<group>"; };
		AD483A281C8AA170000303C2 /* RecipeListViewController.swift */ = {isa = PBXFileReference; fileEncoding = 4; lastKnownFileType = sourcecode.swift; path = RecipeListViewController.swift; sourceTree = "<group>"; };
		ADCA41D51C94E659002164BF /* FoodSearch.storyboard */ = {isa = PBXFileReference; fileEncoding = 4; lastKnownFileType = file.storyboard; path = FoodSearch.storyboard; sourceTree = "<group>"; };
		ADCA41D71C94EAE0002164BF /* FoodSearchViewController.swift */ = {isa = PBXFileReference; fileEncoding = 4; lastKnownFileType = sourcecode.swift; path = FoodSearchViewController.swift; sourceTree = "<group>"; };
		ADCA41D91C94EB44002164BF /* FoodReference.swift */ = {isa = PBXFileReference; fileEncoding = 4; lastKnownFileType = sourcecode.swift; path = FoodReference.swift; sourceTree = "<group>"; };
		ADCA41DB1C94F1AA002164BF /* FoodSearchTableViewCell.swift */ = {isa = PBXFileReference; fileEncoding = 4; lastKnownFileType = sourcecode.swift; path = FoodSearchTableViewCell.swift; sourceTree = "<group>"; };
		ADCA41DD1C94F3DA002164BF /* FoodSearchManualTableViewCell.swift */ = {isa = PBXFileReference; fileEncoding = 4; lastKnownFileType = sourcecode.swift; path = FoodSearchManualTableViewCell.swift; sourceTree = "<group>"; };
		ADCA41DF1C94FFAD002164BF /* FoodDictionaryService.swift */ = {isa = PBXFileReference; fileEncoding = 4; lastKnownFileType = sourcecode.swift; path = FoodDictionaryService.swift; sourceTree = "<group>"; };
/* End PBXFileReference section */

/* Begin PBXFrameworksBuildPhase section */
		AD2F00AD1C854603006E66DA /* Frameworks */ = {
			isa = PBXFrameworksBuildPhase;
			buildActionMask = 2147483647;
			files = (
				E9A00C747A3B21A429B99F1F /* Pods_never_go_bad.framework in Frameworks */,
			);
			runOnlyForDeploymentPostprocessing = 0;
		};
		AD2F00C11C854603006E66DA /* Frameworks */ = {
			isa = PBXFrameworksBuildPhase;
			buildActionMask = 2147483647;
			files = (
			);
			runOnlyForDeploymentPostprocessing = 0;
		};
		AD2F00CC1C854604006E66DA /* Frameworks */ = {
			isa = PBXFrameworksBuildPhase;
			buildActionMask = 2147483647;
			files = (
			);
			runOnlyForDeploymentPostprocessing = 0;
		};
/* End PBXFrameworksBuildPhase section */

/* Begin PBXGroup section */
		58355CC485F8933D8C5994B1 /* Pods */ = {
			isa = PBXGroup;
			children = (
				76824E770E258698A630750C /* Pods-never-go-bad.debug.xcconfig */,
				74B37664F2B8B3ABAB7AE0F8 /* Pods-never-go-bad.release.xcconfig */,
			);
			name = Pods;
			sourceTree = "<group>";
		};
		84D924521C8ADEFF0049D09C /* Services */ = {
			isa = PBXGroup;
			children = (
				996A569E1C8D3BC4009F94FA /* BarcodeService.swift */,
				84D924531C8ADF210049D09C /* FoodService.swift */,
				84D924551C8CE2360049D09C /* NotificationService.swift */,
				ADCA41DF1C94FFAD002164BF /* FoodDictionaryService.swift */,
				99BCE6601C94081A00CE0A91 /* RecipeService.swift */,
				84E90C511C954BD9003FC83E /* SettingsService.swift */,
			);
			name = Services;
			sourceTree = "<group>";
		};
		84E90C4C1C93F710003FC83E /* Helpers */ = {
			isa = PBXGroup;
			children = (
				84E90C4D1C93F743003FC83E /* TabViewControllerHelper.swift */,
			);
			name = Helpers;
			sourceTree = "<group>";
		};
		996A56A61C8D3F99009F94FA /* Extensions */ = {
			isa = PBXGroup;
			children = (
				996A56A71C8D3FA8009F94FA /* StringExtensions.swift */,
			);
			name = Extensions;
			sourceTree = "<group>";
		};
		99BCE6681C9532BC00CE0A91 /* Constants */ = {
			isa = PBXGroup;
			children = (
				99BCE6691C9532D300CE0A91 /* SettingsConstants.swift */,
			);
			name = Constants;
			sourceTree = "<group>";
		};
		AD2F00A71C854603006E66DA = {
			isa = PBXGroup;
			children = (
				AD3D63581C95074300C6046A /* USDAShelfLife.csv */,
				AD2F00B21C854603006E66DA /* never-go-bad */,
				AD2F00C71C854603006E66DA /* never-go-badTests */,
				AD2F00D21C854604006E66DA /* never-go-badUITests */,
				AD2F00B11C854603006E66DA /* Products */,
				58355CC485F8933D8C5994B1 /* Pods */,
				DD73FBC89266FFEDA223E6B7 /* Frameworks */,
			);
			sourceTree = "<group>";
		};
		AD2F00B11C854603006E66DA /* Products */ = {
			isa = PBXGroup;
			children = (
				AD2F00B01C854603006E66DA /* never-go-bad.app */,
				AD2F00C41C854603006E66DA /* never-go-badTests.xctest */,
				AD2F00CF1C854604006E66DA /* never-go-badUITests.xctest */,
			);
			name = Products;
			sourceTree = "<group>";
		};
		AD2F00B21C854603006E66DA /* never-go-bad */ = {
			isa = PBXGroup;
			children = (
				99BCE6681C9532BC00CE0A91 /* Constants */,
				84E90C4C1C93F710003FC83E /* Helpers */,
				84D924621C915D470049D09C /* Bridging-Header.h */,
				996A56A61C8D3F99009F94FA /* Extensions */,
				84D924521C8ADEFF0049D09C /* Services */,
				AD483A1D1C897920000303C2 /* Storyboard */,
				AD483A111C86DC94000303C2 /* View */,
				AD483A0C1C86DB08000303C2 /* ViewController */,
				AD483A0B1C86DAFF000303C2 /* Model */,
				AD2F00B31C854603006E66DA /* AppDelegate.swift */,
				AD2F00B51C854603006E66DA /* ViewController.swift */,
				AD2F00BA1C854603006E66DA /* Assets.xcassets */,
				AD2F00BF1C854603006E66DA /* Info.plist */,
			);
			path = "never-go-bad";
			sourceTree = "<group>";
		};
		AD2F00C71C854603006E66DA /* never-go-badTests */ = {
			isa = PBXGroup;
			children = (
				AD2F00C81C854603006E66DA /* never_go_badTests.swift */,
				AD2F00CA1C854603006E66DA /* Info.plist */,
			);
			path = "never-go-badTests";
			sourceTree = "<group>";
		};
		AD2F00D21C854604006E66DA /* never-go-badUITests */ = {
			isa = PBXGroup;
			children = (
				AD2F00D31C854604006E66DA /* never_go_badUITests.swift */,
				AD2F00D51C854604006E66DA /* Info.plist */,
			);
			path = "never-go-badUITests";
			sourceTree = "<group>";
		};
		AD483A0B1C86DAFF000303C2 /* Model */ = {
			isa = PBXGroup;
			children = (
				996A56A01C8D3BEB009F94FA /* BarcodeResult.swift */,
				AD483A0D1C86DB56000303C2 /* Food.swift */,
				AD483A1B1C8838DD000303C2 /* FoodInput.swift */,
				AD483A151C86EBE3000303C2 /* FoodList.swift */,
				99BCE65C1C93EF4E00CE0A91 /* RecipeSearchResult.swift */,
				99BCE65E1C93F80800CE0A91 /* Result.swift */,
				ADCA41D91C94EB44002164BF /* FoodReference.swift */,
			);
			name = Model;
			sourceTree = "<group>";
		};
		AD483A0C1C86DB08000303C2 /* ViewController */ = {
			isa = PBXGroup;
			children = (
				996A56A21C8D3E3B009F94FA /* BarcodeDetectorViewController.swift */,
				AD483A281C8AA170000303C2 /* RecipeListViewController.swift */,
				AD483A0F1C86DB7C000303C2 /* FoodListViewController.swift */,
				AD483A171C86F284000303C2 /* FoodInputViewController.swift */,
				84E90C4A1C935C35003FC83E /* SettingsViewController.swift */,
				ADCA41D71C94EAE0002164BF /* FoodSearchViewController.swift */,
				99BCE6621C951D5800CE0A91 /* RecipeSearchViewController.swift */,
			);
			name = ViewController;
			sourceTree = "<group>";
		};
		AD483A111C86DC94000303C2 /* View */ = {
			isa = PBXGroup;
			children = (
				AD483A121C86DCC3000303C2 /* FoodListTableViewCell.swift */,
				AD483A191C86F5B7000303C2 /* FoodInputTableViewCell.swift */,
				ADCA41DB1C94F1AA002164BF /* FoodSearchTableViewCell.swift */,
				ADCA41DD1C94F3DA002164BF /* FoodSearchManualTableViewCell.swift */,
			);
			name = View;
			sourceTree = "<group>";
		};
		AD483A1D1C897920000303C2 /* Storyboard */ = {
			isa = PBXGroup;
			children = (
				996A56A41C8D3E58009F94FA /* BarcodeDetector.storyboard */,
				AD2F00BC1C854603006E66DA /* LaunchScreen.storyboard */,
				AD483A261C897DB1000303C2 /* Main.storyboard */,
				AD483A1E1C897948000303C2 /* FoodList.storyboard */,
				AD483A201C897957000303C2 /* Recipe.storyboard */,
				AD483A221C897964000303C2 /* Settings.storyboard */,
				ADCA41D51C94E659002164BF /* FoodSearch.storyboard */,
				99BCE6661C952A1600CE0A91 /* RecipeSearch.storyboard */,
			);
			name = Storyboard;
			sourceTree = "<group>";
		};
		DD73FBC89266FFEDA223E6B7 /* Frameworks */ = {
			isa = PBXGroup;
			children = (
				247536C44AD3BA169E3E638D /* Pods_never_go_bad.framework */,
			);
			name = Frameworks;
			sourceTree = "<group>";
		};
/* End PBXGroup section */

/* Begin PBXNativeTarget section */
		AD2F00AF1C854603006E66DA /* never-go-bad */ = {
			isa = PBXNativeTarget;
			buildConfigurationList = AD2F00D81C854604006E66DA /* Build configuration list for PBXNativeTarget "never-go-bad" */;
			buildPhases = (
				0CABF3D9E41DD592E260AB62 /* Check Pods Manifest.lock */,
				AD2F00AC1C854603006E66DA /* Sources */,
				AD2F00AD1C854603006E66DA /* Frameworks */,
				AD2F00AE1C854603006E66DA /* Resources */,
				2E9D2528807D960761A77454 /* Embed Pods Frameworks */,
				49DF5F1A52D0D27248A0CF11 /* Copy Pods Resources */,
				99FD1E881C8EB0FB009F98CB /* ShellScript */,
			);
			buildRules = (
			);
			dependencies = (
			);
			name = "never-go-bad";
			productName = "never-go-bad";
			productReference = AD2F00B01C854603006E66DA /* never-go-bad.app */;
			productType = "com.apple.product-type.application";
		};
		AD2F00C31C854603006E66DA /* never-go-badTests */ = {
			isa = PBXNativeTarget;
			buildConfigurationList = AD2F00DB1C854604006E66DA /* Build configuration list for PBXNativeTarget "never-go-badTests" */;
			buildPhases = (
				AD2F00C01C854603006E66DA /* Sources */,
				AD2F00C11C854603006E66DA /* Frameworks */,
				AD2F00C21C854603006E66DA /* Resources */,
			);
			buildRules = (
			);
			dependencies = (
				AD2F00C61C854603006E66DA /* PBXTargetDependency */,
			);
			name = "never-go-badTests";
			productName = "never-go-badTests";
			productReference = AD2F00C41C854603006E66DA /* never-go-badTests.xctest */;
			productType = "com.apple.product-type.bundle.unit-test";
		};
		AD2F00CE1C854604006E66DA /* never-go-badUITests */ = {
			isa = PBXNativeTarget;
			buildConfigurationList = AD2F00DE1C854604006E66DA /* Build configuration list for PBXNativeTarget "never-go-badUITests" */;
			buildPhases = (
				AD2F00CB1C854604006E66DA /* Sources */,
				AD2F00CC1C854604006E66DA /* Frameworks */,
				AD2F00CD1C854604006E66DA /* Resources */,
			);
			buildRules = (
			);
			dependencies = (
				AD2F00D11C854604006E66DA /* PBXTargetDependency */,
			);
			name = "never-go-badUITests";
			productName = "never-go-badUITests";
			productReference = AD2F00CF1C854604006E66DA /* never-go-badUITests.xctest */;
			productType = "com.apple.product-type.bundle.ui-testing";
		};
/* End PBXNativeTarget section */

/* Begin PBXProject section */
		AD2F00A81C854603006E66DA /* Project object */ = {
			isa = PBXProject;
			attributes = {
				LastSwiftUpdateCheck = 0720;
				LastUpgradeCheck = 0720;
				ORGANIZATIONNAME = codepath;
				TargetAttributes = {
					AD2F00AF1C854603006E66DA = {
						CreatedOnToolsVersion = 7.2.1;
						DevelopmentTeam = 33GW6H3WE7;
					};
					AD2F00C31C854603006E66DA = {
						CreatedOnToolsVersion = 7.2.1;
						DevelopmentTeam = 9W2KFA4NS5;
						TestTargetID = AD2F00AF1C854603006E66DA;
					};
					AD2F00CE1C854604006E66DA = {
						CreatedOnToolsVersion = 7.2.1;
						DevelopmentTeam = 9W2KFA4NS5;
						TestTargetID = AD2F00AF1C854603006E66DA;
					};
				};
			};
			buildConfigurationList = AD2F00AB1C854603006E66DA /* Build configuration list for PBXProject "never-go-bad" */;
			compatibilityVersion = "Xcode 3.2";
			developmentRegion = English;
			hasScannedForEncodings = 0;
			knownRegions = (
				en,
				Base,
			);
			mainGroup = AD2F00A71C854603006E66DA;
			productRefGroup = AD2F00B11C854603006E66DA /* Products */;
			projectDirPath = "";
			projectRoot = "";
			targets = (
				AD2F00AF1C854603006E66DA /* never-go-bad */,
				AD2F00C31C854603006E66DA /* never-go-badTests */,
				AD2F00CE1C854604006E66DA /* never-go-badUITests */,
			);
		};
/* End PBXProject section */

/* Begin PBXResourcesBuildPhase section */
		AD2F00AE1C854603006E66DA /* Resources */ = {
			isa = PBXResourcesBuildPhase;
			buildActionMask = 2147483647;
			files = (
				99BCE6671C952A1600CE0A91 /* RecipeSearch.storyboard in Resources */,
				996A56A51C8D3E58009F94FA /* BarcodeDetector.storyboard in Resources */,
				AD483A231C897964000303C2 /* Settings.storyboard in Resources */,
				ADCA41D61C94E659002164BF /* FoodSearch.storyboard in Resources */,
				AD2F00BE1C854603006E66DA /* LaunchScreen.storyboard in Resources */,
				AD483A1F1C897948000303C2 /* FoodList.storyboard in Resources */,
				AD483A271C897DB1000303C2 /* Main.storyboard in Resources */,
				AD3D63591C95074300C6046A /* USDAShelfLife.csv in Resources */,
				AD483A211C897957000303C2 /* Recipe.storyboard in Resources */,
				AD2F00BB1C854603006E66DA /* Assets.xcassets in Resources */,
			);
			runOnlyForDeploymentPostprocessing = 0;
		};
		AD2F00C21C854603006E66DA /* Resources */ = {
			isa = PBXResourcesBuildPhase;
			buildActionMask = 2147483647;
			files = (
			);
			runOnlyForDeploymentPostprocessing = 0;
		};
		AD2F00CD1C854604006E66DA /* Resources */ = {
			isa = PBXResourcesBuildPhase;
			buildActionMask = 2147483647;
			files = (
			);
			runOnlyForDeploymentPostprocessing = 0;
		};
/* End PBXResourcesBuildPhase section */

/* Begin PBXShellScriptBuildPhase section */
		0CABF3D9E41DD592E260AB62 /* Check Pods Manifest.lock */ = {
			isa = PBXShellScriptBuildPhase;
			buildActionMask = 2147483647;
			files = (
			);
			inputPaths = (
			);
			name = "Check Pods Manifest.lock";
			outputPaths = (
			);
			runOnlyForDeploymentPostprocessing = 0;
			shellPath = /bin/sh;
			shellScript = "diff \"${PODS_ROOT}/../Podfile.lock\" \"${PODS_ROOT}/Manifest.lock\" > /dev/null\nif [[ $? != 0 ]] ; then\n    cat << EOM\nerror: The sandbox is not in sync with the Podfile.lock. Run 'pod install' or update your CocoaPods installation.\nEOM\n    exit 1\nfi\n";
			showEnvVarsInLog = 0;
		};
		2E9D2528807D960761A77454 /* Embed Pods Frameworks */ = {
			isa = PBXShellScriptBuildPhase;
			buildActionMask = 2147483647;
			files = (
			);
			inputPaths = (
			);
			name = "Embed Pods Frameworks";
			outputPaths = (
			);
			runOnlyForDeploymentPostprocessing = 0;
			shellPath = /bin/sh;
			shellScript = "\"${SRCROOT}/Pods/Target Support Files/Pods-never-go-bad/Pods-never-go-bad-frameworks.sh\"\n";
			showEnvVarsInLog = 0;
		};
		49DF5F1A52D0D27248A0CF11 /* Copy Pods Resources */ = {
			isa = PBXShellScriptBuildPhase;
			buildActionMask = 2147483647;
			files = (
			);
			inputPaths = (
			);
			name = "Copy Pods Resources";
			outputPaths = (
			);
			runOnlyForDeploymentPostprocessing = 0;
			shellPath = /bin/sh;
			shellScript = "\"${SRCROOT}/Pods/Target Support Files/Pods-never-go-bad/Pods-never-go-bad-resources.sh\"\n";
			showEnvVarsInLog = 0;
		};
		99FD1E881C8EB0FB009F98CB /* ShellScript */ = {
			isa = PBXShellScriptBuildPhase;
			buildActionMask = 2147483647;
			files = (
			);
			inputPaths = (
			);
			outputPaths = (
			);
			runOnlyForDeploymentPostprocessing = 0;
			shellPath = /bin/sh;
			shellScript = "\"${PODS_ROOT}/Fabric/run\" 10c4775730862d0345b14022272bab5bec9df47c 17dd90108fd247f311680d30d41a56d3f35aef40447c63dac5bbec0f91586540";
		};
/* End PBXShellScriptBuildPhase section */

/* Begin PBXSourcesBuildPhase section */
		AD2F00AC1C854603006E66DA /* Sources */ = {
			isa = PBXSourcesBuildPhase;
			buildActionMask = 2147483647;
			files = (
				84E90C521C954BD9003FC83E /* SettingsService.swift in Sources */,
				AD483A291C8AA170000303C2 /* RecipeListViewController.swift in Sources */,
				996A56A11C8D3BEB009F94FA /* BarcodeResult.swift in Sources */,
				99BCE65F1C93F80800CE0A91 /* Result.swift in Sources */,
				99BCE65D1C93EF4E00CE0A91 /* RecipeSearchResult.swift in Sources */,
				996A56A31C8D3E3B009F94FA /* BarcodeDetectorViewController.swift in Sources */,
				AD483A181C86F284000303C2 /* FoodInputViewController.swift in Sources */,
				AD483A1A1C86F5B7000303C2 /* FoodInputTableViewCell.swift in Sources */,
				99BCE6611C94081A00CE0A91 /* RecipeService.swift in Sources */,
				AD2F00B61C854603006E66DA /* ViewController.swift in Sources */,
				84D924561C8CE2360049D09C /* NotificationService.swift in Sources */,
				AD2F00B41C854603006E66DA /* AppDelegate.swift in Sources */,
				996A56A81C8D3FA8009F94FA /* StringExtensions.swift in Sources */,
				99BCE6641C951D5800CE0A91 /* RecipeSearchViewController.swift in Sources */,
				AD483A101C86DB7C000303C2 /* FoodListViewController.swift in Sources */,
				AD483A161C86EBE3000303C2 /* FoodList.swift in Sources */,
				AD483A131C86DCC3000303C2 /* FoodListTableViewCell.swift in Sources */,
				AD483A0E1C86DB56000303C2 /* Food.swift in Sources */,
				AD483A1C1C8838DD000303C2 /* FoodInput.swift in Sources */,
				ADCA41DE1C94F3DA002164BF /* FoodSearchManualTableViewCell.swift in Sources */,
				996A569F1C8D3BC4009F94FA /* BarcodeService.swift in Sources */,
				99BCE66A1C9532D300CE0A91 /* SettingsConstants.swift in Sources */,
				ADCA41DC1C94F1AA002164BF /* FoodSearchTableViewCell.swift in Sources */,
				ADCA41E01C94FFAD002164BF /* FoodDictionaryService.swift in Sources */,
				84E90C4E1C93F743003FC83E /* TabViewControllerHelper.swift in Sources */,
				ADCA41D81C94EAE0002164BF /* FoodSearchViewController.swift in Sources */,
				84D924541C8ADF210049D09C /* FoodService.swift in Sources */,
				ADCA41DA1C94EB44002164BF /* FoodReference.swift in Sources */,
				84E90C4B1C935C35003FC83E /* SettingsViewController.swift in Sources */,
			);
			runOnlyForDeploymentPostprocessing = 0;
		};
		AD2F00C01C854603006E66DA /* Sources */ = {
			isa = PBXSourcesBuildPhase;
			buildActionMask = 2147483647;
			files = (
				AD2F00C91C854603006E66DA /* never_go_badTests.swift in Sources */,
			);
			runOnlyForDeploymentPostprocessing = 0;
		};
		AD2F00CB1C854604006E66DA /* Sources */ = {
			isa = PBXSourcesBuildPhase;
			buildActionMask = 2147483647;
			files = (
				AD2F00D41C854604006E66DA /* never_go_badUITests.swift in Sources */,
			);
			runOnlyForDeploymentPostprocessing = 0;
		};
/* End PBXSourcesBuildPhase section */

/* Begin PBXTargetDependency section */
		AD2F00C61C854603006E66DA /* PBXTargetDependency */ = {
			isa = PBXTargetDependency;
			target = AD2F00AF1C854603006E66DA /* never-go-bad */;
			targetProxy = AD2F00C51C854603006E66DA /* PBXContainerItemProxy */;
		};
		AD2F00D11C854604006E66DA /* PBXTargetDependency */ = {
			isa = PBXTargetDependency;
			target = AD2F00AF1C854603006E66DA /* never-go-bad */;
			targetProxy = AD2F00D01C854604006E66DA /* PBXContainerItemProxy */;
		};
/* End PBXTargetDependency section */

/* Begin PBXVariantGroup section */
		AD2F00BC1C854603006E66DA /* LaunchScreen.storyboard */ = {
			isa = PBXVariantGroup;
			children = (
				AD2F00BD1C854603006E66DA /* Base */,
			);
			name = LaunchScreen.storyboard;
			sourceTree = "<group>";
		};
/* End PBXVariantGroup section */

/* Begin XCBuildConfiguration section */
		AD2F00D61C854604006E66DA /* Debug */ = {
			isa = XCBuildConfiguration;
			buildSettings = {
				ALWAYS_SEARCH_USER_PATHS = NO;
				CLANG_CXX_LANGUAGE_STANDARD = "gnu++0x";
				CLANG_CXX_LIBRARY = "libc++";
				CLANG_ENABLE_MODULES = YES;
				CLANG_ENABLE_OBJC_ARC = YES;
				CLANG_WARN_BOOL_CONVERSION = YES;
				CLANG_WARN_CONSTANT_CONVERSION = YES;
				CLANG_WARN_DIRECT_OBJC_ISA_USAGE = YES_ERROR;
				CLANG_WARN_EMPTY_BODY = YES;
				CLANG_WARN_ENUM_CONVERSION = YES;
				CLANG_WARN_INT_CONVERSION = YES;
				CLANG_WARN_OBJC_ROOT_CLASS = YES_ERROR;
				CLANG_WARN_UNREACHABLE_CODE = YES;
				CLANG_WARN__DUPLICATE_METHOD_MATCH = YES;
				"CODE_SIGN_IDENTITY[sdk=iphoneos*]" = "iPhone Developer";
				COPY_PHASE_STRIP = NO;
				DEBUG_INFORMATION_FORMAT = dwarf;
				ENABLE_STRICT_OBJC_MSGSEND = YES;
				ENABLE_TESTABILITY = YES;
				GCC_C_LANGUAGE_STANDARD = gnu99;
				GCC_DYNAMIC_NO_PIC = NO;
				GCC_NO_COMMON_BLOCKS = YES;
				GCC_OPTIMIZATION_LEVEL = 0;
				GCC_PREPROCESSOR_DEFINITIONS = (
					"DEBUG=1",
					"$(inherited)",
				);
				GCC_WARN_64_TO_32_BIT_CONVERSION = YES;
				GCC_WARN_ABOUT_RETURN_TYPE = YES_ERROR;
				GCC_WARN_UNDECLARED_SELECTOR = YES;
				GCC_WARN_UNINITIALIZED_AUTOS = YES_AGGRESSIVE;
				GCC_WARN_UNUSED_FUNCTION = YES;
				GCC_WARN_UNUSED_VARIABLE = YES;
				IPHONEOS_DEPLOYMENT_TARGET = 9.2;
				MTL_ENABLE_DEBUG_INFO = YES;
				ONLY_ACTIVE_ARCH = YES;
				SDKROOT = iphoneos;
				SWIFT_OPTIMIZATION_LEVEL = "-Onone";
			};
			name = Debug;
		};
		AD2F00D71C854604006E66DA /* Release */ = {
			isa = XCBuildConfiguration;
			buildSettings = {
				ALWAYS_SEARCH_USER_PATHS = NO;
				CLANG_CXX_LANGUAGE_STANDARD = "gnu++0x";
				CLANG_CXX_LIBRARY = "libc++";
				CLANG_ENABLE_MODULES = YES;
				CLANG_ENABLE_OBJC_ARC = YES;
				CLANG_WARN_BOOL_CONVERSION = YES;
				CLANG_WARN_CONSTANT_CONVERSION = YES;
				CLANG_WARN_DIRECT_OBJC_ISA_USAGE = YES_ERROR;
				CLANG_WARN_EMPTY_BODY = YES;
				CLANG_WARN_ENUM_CONVERSION = YES;
				CLANG_WARN_INT_CONVERSION = YES;
				CLANG_WARN_OBJC_ROOT_CLASS = YES_ERROR;
				CLANG_WARN_UNREACHABLE_CODE = YES;
				CLANG_WARN__DUPLICATE_METHOD_MATCH = YES;
				"CODE_SIGN_IDENTITY[sdk=iphoneos*]" = "iPhone Developer";
				COPY_PHASE_STRIP = NO;
				DEBUG_INFORMATION_FORMAT = "dwarf-with-dsym";
				ENABLE_NS_ASSERTIONS = NO;
				ENABLE_STRICT_OBJC_MSGSEND = YES;
				GCC_C_LANGUAGE_STANDARD = gnu99;
				GCC_NO_COMMON_BLOCKS = YES;
				GCC_WARN_64_TO_32_BIT_CONVERSION = YES;
				GCC_WARN_ABOUT_RETURN_TYPE = YES_ERROR;
				GCC_WARN_UNDECLARED_SELECTOR = YES;
				GCC_WARN_UNINITIALIZED_AUTOS = YES_AGGRESSIVE;
				GCC_WARN_UNUSED_FUNCTION = YES;
				GCC_WARN_UNUSED_VARIABLE = YES;
				IPHONEOS_DEPLOYMENT_TARGET = 9.2;
				MTL_ENABLE_DEBUG_INFO = NO;
				SDKROOT = iphoneos;
				VALIDATE_PRODUCT = YES;
			};
			name = Release;
		};
		AD2F00D91C854604006E66DA /* Debug */ = {
			isa = XCBuildConfiguration;
			baseConfigurationReference = 76824E770E258698A630750C /* Pods-never-go-bad.debug.xcconfig */;
			buildSettings = {
				ASSETCATALOG_COMPILER_APPICON_NAME = AppIcon;
				CODE_SIGN_IDENTITY = "iPhone Developer";
				"CODE_SIGN_IDENTITY[sdk=iphoneos*]" = "iPhone Developer";
				INFOPLIST_FILE = "never-go-bad/Info.plist";
				LD_RUNPATH_SEARCH_PATHS = "$(inherited) @executable_path/Frameworks";
				PRODUCT_BUNDLE_IDENTIFIER = "com.codepath.never-go-bad";
				PRODUCT_NAME = "$(TARGET_NAME)";
				PROVISIONING_PROFILE = "";
				SWIFT_OBJC_BRIDGING_HEADER = "";
			};
			name = Debug;
		};
		AD2F00DA1C854604006E66DA /* Release */ = {
			isa = XCBuildConfiguration;
			baseConfigurationReference = 74B37664F2B8B3ABAB7AE0F8 /* Pods-never-go-bad.release.xcconfig */;
			buildSettings = {
				ASSETCATALOG_COMPILER_APPICON_NAME = AppIcon;
				CODE_SIGN_IDENTITY = "iPhone Developer";
				"CODE_SIGN_IDENTITY[sdk=iphoneos*]" = "iPhone Developer";
				INFOPLIST_FILE = "never-go-bad/Info.plist";
				LD_RUNPATH_SEARCH_PATHS = "$(inherited) @executable_path/Frameworks";
				PRODUCT_BUNDLE_IDENTIFIER = "com.codepath.never-go-bad";
				PRODUCT_NAME = "$(TARGET_NAME)";
				PROVISIONING_PROFILE = "";
				SWIFT_OBJC_BRIDGING_HEADER = "";
			};
			name = Release;
		};
		AD2F00DC1C854604006E66DA /* Debug */ = {
			isa = XCBuildConfiguration;
			buildSettings = {
				BUNDLE_LOADER = "$(TEST_HOST)";
				INFOPLIST_FILE = "never-go-badTests/Info.plist";
				LD_RUNPATH_SEARCH_PATHS = "$(inherited) @executable_path/Frameworks @loader_path/Frameworks";
				PRODUCT_BUNDLE_IDENTIFIER = "com.codepath.never-go-badTests";
				PRODUCT_NAME = "$(TARGET_NAME)";
				TEST_HOST = "$(BUILT_PRODUCTS_DIR)/never-go-bad.app/never-go-bad";
			};
			name = Debug;
		};
		AD2F00DD1C854604006E66DA /* Release */ = {
			isa = XCBuildConfiguration;
			buildSettings = {
				BUNDLE_LOADER = "$(TEST_HOST)";
				INFOPLIST_FILE = "never-go-badTests/Info.plist";
				LD_RUNPATH_SEARCH_PATHS = "$(inherited) @executable_path/Frameworks @loader_path/Frameworks";
				PRODUCT_BUNDLE_IDENTIFIER = "com.codepath.never-go-badTests";
				PRODUCT_NAME = "$(TARGET_NAME)";
				TEST_HOST = "$(BUILT_PRODUCTS_DIR)/never-go-bad.app/never-go-bad";
			};
			name = Release;
		};
		AD2F00DF1C854604006E66DA /* Debug */ = {
			isa = XCBuildConfiguration;
			buildSettings = {
				INFOPLIST_FILE = "never-go-badUITests/Info.plist";
				LD_RUNPATH_SEARCH_PATHS = "$(inherited) @executable_path/Frameworks @loader_path/Frameworks";
				PRODUCT_BUNDLE_IDENTIFIER = "com.codepath.never-go-badUITests";
				PRODUCT_NAME = "$(TARGET_NAME)";
				TEST_TARGET_NAME = "never-go-bad";
				USES_XCTRUNNER = YES;
			};
			name = Debug;
		};
		AD2F00E01C854604006E66DA /* Release */ = {
			isa = XCBuildConfiguration;
			buildSettings = {
				INFOPLIST_FILE = "never-go-badUITests/Info.plist";
				LD_RUNPATH_SEARCH_PATHS = "$(inherited) @executable_path/Frameworks @loader_path/Frameworks";
				PRODUCT_BUNDLE_IDENTIFIER = "com.codepath.never-go-badUITests";
				PRODUCT_NAME = "$(TARGET_NAME)";
				TEST_TARGET_NAME = "never-go-bad";
				USES_XCTRUNNER = YES;
			};
			name = Release;
		};
/* End XCBuildConfiguration section */

/* Begin XCConfigurationList section */
		AD2F00AB1C854603006E66DA /* Build configuration list for PBXProject "never-go-bad" */ = {
			isa = XCConfigurationList;
			buildConfigurations = (
				AD2F00D61C854604006E66DA /* Debug */,
				AD2F00D71C854604006E66DA /* Release */,
			);
			defaultConfigurationIsVisible = 0;
			defaultConfigurationName = Release;
		};
		AD2F00D81C854604006E66DA /* Build configuration list for PBXNativeTarget "never-go-bad" */ = {
			isa = XCConfigurationList;
			buildConfigurations = (
				AD2F00D91C854604006E66DA /* Debug */,
				AD2F00DA1C854604006E66DA /* Release */,
			);
			defaultConfigurationIsVisible = 0;
			defaultConfigurationName = Release;
		};
		AD2F00DB1C854604006E66DA /* Build configuration list for PBXNativeTarget "never-go-badTests" */ = {
			isa = XCConfigurationList;
			buildConfigurations = (
				AD2F00DC1C854604006E66DA /* Debug */,
				AD2F00DD1C854604006E66DA /* Release */,
			);
			defaultConfigurationIsVisible = 0;
			defaultConfigurationName = Release;
		};
		AD2F00DE1C854604006E66DA /* Build configuration list for PBXNativeTarget "never-go-badUITests" */ = {
			isa = XCConfigurationList;
			buildConfigurations = (
				AD2F00DF1C854604006E66DA /* Debug */,
				AD2F00E01C854604006E66DA /* Release */,
			);
			defaultConfigurationIsVisible = 0;
			defaultConfigurationName = Release;
		};
/* End XCConfigurationList section */
	};
	rootObject = AD2F00A81C854603006E66DA /* Project object */;
}
